# eidolons.mcp.lock — auto-generated by 'eidolons mcp install/upgrade/sync'. Commit to VCS.
generated_at: "2026-07-16T13:56:05Z"
eidolons_cli_version: "2.11.0"
catalogue_version: "1.2"
mcps:
  - name: atlas-aci
    kind: oci-image
    version: "2.0.0"
    source:
      image: "ghcr.io/rynaro/atlas-aci"
    integrity:
      algo: oci-digest
      value: "sha256:e2542ef8d569882c560065f0bcaed9ef2a7398e7e61765e25b142a3c93ec7cf7"
    target: ".mcp.json"
    hosts_wired:
      - ".claude/agents/atlas.md"
      - ".claude/agents/kupo.md"
      - ".claude/agents/vivi.md"
      - ".mcp.json"
    installed_at: "2026-07-16T13:56:04Z"
  - name: atomos
    kind: oci-image
    version: "0.2.0"
    source:
      image: "ghcr.io/rynaro/atomos"
    integrity:
      algo: oci-digest
      value: "sha256:b3f67b4ef64230ebe91aa37efea14e386f178950a2750e0c26c8d29d7ea4a639"
    target: ".mcp.json"
    hosts_wired:
      - ".mcp.json"
    installed_at: "2026-07-16T13:54:12Z"
  - name: crystalium
    kind: oci-image
    version: "1.8.0"
    source:
      image: "ghcr.io/rynaro/crystalium"
    integrity:
      algo: oci-digest
      value: "sha256:a83469675b21ea74db68f8ea143841073667d1cf75a67df25039fa66f244e8e9"
    target: ".mcp.json"
    hosts_wired:
      - ".claude/agents/atlas.md"
      - ".claude/agents/forge.md"
      - ".claude/agents/gilgamesh.md"
      - ".claude/agents/idg.md"
      - ".claude/agents/kupo.md"
      - ".claude/agents/ramza.md"
      - ".claude/agents/vigil.md"
      - ".claude/agents/vivi.md"
      - ".mcp.json"
    installed_at: "2026-07-16T13:53:33Z"
  - name: junction
    kind: binary
    version: "0.4.0"
    source:
      repo: "Rynaro/Junction"
    integrity:
      algo: none
      value: ""
    target: "/home/rynaro/.eidolons/cache/junction@0.4.0/junction"
    hosts_wired:
      - ".mcp.json"
    installed_at: "2026-07-16T13:54:04Z"
  - name: tonberry
    kind: oci-image
    version: "0.5.2"
    source:
      image: "ghcr.io/rynaro/tonberry"
    integrity:
      algo: oci-digest
      value: "sha256:55dd2fed08070461e1f3b92c303128a0ae1f3c1b62165fd07d0c327e7b1f94f9"
    target: ".mcp.json"
    hosts_wired:
      - ".claude/agents/idg.md"
      - ".claude/agents/kupo.md"
      - ".claude/agents/vigil.md"
      - ".claude/agents/vivi.md"
      - ".mcp.json"
    installed_at: "2026-07-16T13:53:52Z"
    enforcement: "advisory"
    enforcement_signals: {"change_count":0,"repo_loc":49146,"full_ratio":0}
    enforcement_thresholds: {"n":10,"l":50000,"r":0.4}
    enforcement_assessed_at: "2026-07-16T13:53:54Z"
