# eidolons.mcp.lock — auto-generated by 'eidolons mcp install/upgrade/sync'. Commit to VCS.
generated_at: "2026-08-27T13:19:55Z"
eidolons_cli_version: "3.2.0"
catalogue_version: "1.3"
mcps:
  - name: atlas-aci
    kind: oci-image
    version: "2.0.0"
    source:
      image: "ghcr.io/rynaro/atlas-aci"
    integrity:
      algo: oci-digest
      value: "sha256:e2542ef8d569882c560065f0bcaed9ef2a7398e7e61765e25b142a3c93ec7cf7"
    target: ".mcp.json"
    hosts_wired:
      - ".codex/config.toml"
      - ".mcp.json"
    runtime:
      resource_profile: "unlimited"
    installed_at: "2026-08-27T13:19:13Z"
  - name: crystalium
    kind: oci-image
    version: "2.2.0"
    source:
      image: "ghcr.io/rynaro/crystalium"
    integrity:
      algo: oci-digest
      value: "sha256:75077ffe6b9bcded8f50c0fcb7092ead204128ec4f72af5103df1dfd036f82d5"
    target: ".mcp.json"
    hosts_wired:
      - ".codex/config.toml"
      - ".mcp.json"
    runtime:
      resource_profile: "unlimited"
    installed_at: "2026-08-27T13:19:55Z"
