# eidolons.lock — auto-generated by 'eidolons sync'. Commit to VCS.
generated_at: "2026-07-16T13:53:09Z"
eidolons_cli_version: "2.11.0"
nexus_commit: "0dea1722d6727860c893919351bdf4ea564802ac"
members:
  - name: atlas
    version: "1.13.0"
    resolved: "github:Rynaro/ATLAS@5d456e99bb256aae3836b81fedc60f7e5996b9e4"
    commit: "5d456e99bb256aae3836b81fedc60f7e5996b9e4"
    tree: "520753d575b2814e602ecd755b3d567ac16a6707"
    archive_sha256: "40da482639aedc157ac647863aaa3b04732a4e51afa56669e903c84c3dbc9686"
    manifest_sha256: "424a17e6c3010cc7f3befd33493e1266365eca31b68bbc18effe0fea55093f39"
    verification: "verified"
    target: "./.eidolons/atlas"
    hosts_wired: ["claude-code"]
  - name: ramza
    version: "1.0.0"
    resolved: "github:Rynaro/Ramza@fd7dd0dd3ec5cf8eff386ff8f6e7cfbf18daf461"
    commit: "fd7dd0dd3ec5cf8eff386ff8f6e7cfbf18daf461"
    tree: "0c6b1fecf3239f2d86f0ddb25a5f58886d84bcdd"
    archive_sha256: "90c83884431024c4be9ad231004a5aa1210be78b12768deb348f31682aea48a7"
    manifest_sha256: "a40f0c98cd12c059c70f7b3f0d06c87da0830b54f29a5ba8fec1f5deb0d63324"
    verification: "verified"
    target: "./.eidolons/ramza"
    hosts_wired: ["claude-code"]
  - name: vivi
    version: "1.3.0"
    resolved: "github:Rynaro/Vivi@a965c071c7ddd64cba3c8f74c9e2f14ad54e336d"
    commit: "a965c071c7ddd64cba3c8f74c9e2f14ad54e336d"
    tree: "df09f48e21e33ca2c38f527786244b4aa81f93c3"
    archive_sha256: "422190399234430513b40d0e3479cba93ff6b8b3332a6b1b5c490423909d3293"
    manifest_sha256: "2a6619d7ef5d03e5077a11334566dd84ba05229eb0e0fe235c72a670cdf9a964"
    verification: "verified"
    target: "./.eidolons/vivi"
    hosts_wired: ["claude-code"]
  - name: idg
    version: "1.10.0"
    resolved: "github:Rynaro/IDG@7ba0d2c066751371064780314728940ddd4d6545"
    commit: "7ba0d2c066751371064780314728940ddd4d6545"
    tree: "aec56a5d7b257e806bed846cae9354f7a74f79f2"
    archive_sha256: "5efb187705a92e53448c21ef062da52c7e197697fd7719acb2190d95a066b351"
    manifest_sha256: "2d219ace19a97faf4d81c4e067b34527c02c30d88290b989b3c1e8d1b5405f74"
    verification: "verified"
    target: "./.eidolons/idg"
    hosts_wired: ["claude-code"]
  - name: forge
    version: "1.10.0"
    resolved: "github:Rynaro/FORGE@9f18b7ec9334927cf181fcfa3d4cdb629be1efb1"
    commit: "9f18b7ec9334927cf181fcfa3d4cdb629be1efb1"
    tree: "18d8557aecca3f218b92ea3c6e91cab3a70c6d10"
    archive_sha256: "4b0467b24031f6105cc54a1e9dba19939f59bbbef25d83913b433f845fa863a0"
    manifest_sha256: "dde6a51cd29284f65603b57316813571580f4e2b377d7a4d009cae8428b8b2b0"
    verification: "verified"
    target: "./.eidolons/forge"
    hosts_wired: ["claude-code"]
  - name: vigil
    version: "1.8.0"
    resolved: "github:Rynaro/VIGIL@d392b8faa7cd60299991aeed12c728909d1f0a64"
    commit: "d392b8faa7cd60299991aeed12c728909d1f0a64"
    tree: "72dd9707474c61ea59531b740de253f8684d989b"
    archive_sha256: "566647edc7c3b503e1db8862e6a9b02e465f5351969077576ce48b21836a7d5f"
    manifest_sha256: "e48e2782235de901ddc8b91af9dce29dc02756099ad2f88b568b6a7f81e1c4fb"
    verification: "verified"
    target: "./.eidolons/vigil"
    hosts_wired: ["claude-code"]
  - name: kupo
    version: "1.3.0"
    resolved: "github:Rynaro/Kupo@810b0020d33267b510779c2a5f73bd2b44d48f9a"
    commit: "810b0020d33267b510779c2a5f73bd2b44d48f9a"
    tree: "42ebc733ae5932c40f207c1512c34bf11ecd3c13"
    archive_sha256: "86cdf2fa875318b72ad5c6689bd4fcdc87bb786a49c1ba68877fa109480ecb58"
    manifest_sha256: "b95305810c5dc313d1efe9d0caed0e202a0e7cc4fe44d6bb7c112614c89223b4"
    verification: "verified"
    target: "./.eidolons/kupo"
    hosts_wired: ["claude-code"]
  - name: gilgamesh
    version: "1.0.0"
    resolved: "github:Rynaro/Gilgamesh@b4ec6fe0506ee7524b31edf1c5e9a54a61324b87"
    commit: "b4ec6fe0506ee7524b31edf1c5e9a54a61324b87"
    tree: "d5f91ee24e2c560142d0a7258658954334d11b11"
    archive_sha256: "37ab5a29595423a8a17e7b623bc85ca41f45e1cc76e976eb2eaa397235d7c009"
    manifest_sha256: "644be5a236e1663a2155f6de1fefa7f7ab98578d43987df4a30bbb120d790614"
    verification: "verified"
    target: "./.eidolons/gilgamesh"
    hosts_wired: ["claude-code"]
hosts:
  wire: [claude-code]
  shared_dispatch: true
  strict: false
  pointer_targets: [AGENTS.md, CLAUDE.md]
composition:
  target: EIDOLONS.md
  hoisted_from:
    - AGENTS.md
    - CLAUDE.md
  agents_md_role: hoisted
  schema_version: 1
harness:
  schema_version: 1
  hosts_wired:
    - claude-code
  shim_paths:
    - .eidolons/harness/hooks/claude-code-UserPromptSubmit.sh
    - .eidolons/harness/hooks/claude-code-SessionStart.sh
