# eidolons.lock — auto-generated by 'eidolons sync'. Commit to VCS.
generated_at: "2026-08-27T13:14:25Z"
eidolons_cli_version: "3.2.0"
nexus_commit: "0f9e066d047c4a18081acca3f22e7df04356bbb6"
members:
  - name: atlas
    version: "1.14.0"
    eiis_version: "3.0.0"
    resolved: "github:Rynaro/ATLAS@20fcadf3a4644792b656c221a7f960ea00546eda"
    commit: "20fcadf3a4644792b656c221a7f960ea00546eda"
    tree: "ff501d41711c59f76283a4dc7137fe1c914cc985"
    archive_sha256: "17c08dfe6d2425cdd213de513346e994324d563c819688d3d94633426ee4216a"
    package_manifest_sha256: "0ef26d98476ea43ad15dda8bc382e1db5feb77d4d8a8a95352251c210778503e"
    install_receipt_sha256: "26bf6acf7c926666bbb8b482bedbcb12bd7c893c78394d502f6033c7ead05dc2"
    verification: "verified"
    target: "./.eidolons/atlas"
    hosts_wired: [codex]
  - name: ramza
    version: "1.1.0"
    eiis_version: "3.0.0"
    resolved: "github:Rynaro/Ramza@38f380f31b57a3598490332bd6cd87c67aa2bb32"
    commit: "38f380f31b57a3598490332bd6cd87c67aa2bb32"
    tree: "c8d032bd92b184115214c28ac1a5783ad53a0364"
    archive_sha256: "7e625d2bd1a01e138d9b265b4a80a52deed1d95470b108eb6129171803080a8d"
    package_manifest_sha256: "22bd11329d41a7d6152f9c9394b4713615de6185ad976dab14d0240b10e913ac"
    install_receipt_sha256: "98c0c29505e0711d8f0eac6cd0fe4f0e2b5253edd634497a40af8875c1cac7fb"
    verification: "verified"
    target: "./.eidolons/ramza"
    hosts_wired: [codex]
  - name: vivi
    version: "1.4.0"
    eiis_version: "3.0.0"
    resolved: "github:Rynaro/Vivi@f6a89f7b2800ec3936a2ea5072dced95fe297327"
    commit: "f6a89f7b2800ec3936a2ea5072dced95fe297327"
    tree: "b4378bee347a60f4e785963289b76b0880fc4c99"
    archive_sha256: "52f52b9f66c718f18cb0a13ced59254b24d0434df9b46c91900dbd97ec0ebd12"
    package_manifest_sha256: "b67397f626c7084853c89dda1444d64ad07194e39600ec2496ccc508554419e6"
    install_receipt_sha256: "2a5aac03f4be56a7d989db7abaf7755905035c5456f430aff904587f0aea16b2"
    verification: "verified"
    target: "./.eidolons/vivi"
    hosts_wired: [codex]
  - name: idg
    version: "1.11.0"
    eiis_version: "3.0.0"
    resolved: "github:Rynaro/IDG@0129a2f533c6265769af067cec6737eb8affa6fa"
    commit: "0129a2f533c6265769af067cec6737eb8affa6fa"
    tree: "e058df076ec63d119d8159bf4ae98278e839b9d4"
    archive_sha256: "543399376f98f18460b368752fa26094b2f167cc0ef009d221659eb315453bea"
    package_manifest_sha256: "ff1d2818cff215ab4d9f3f2956fc3ae89d38d987eb3e01ada32530f77a0343d4"
    install_receipt_sha256: "54f4bcb327e3837131e100da07392345a180a67f66ac9acf3ef18983355b8541"
    verification: "verified"
    target: "./.eidolons/idg"
    hosts_wired: [codex]
hosts:
  wire: [codex]
  shared_dispatch: true
  strict: false
  pointer_targets: [AGENTS.md]
composition:
  target: EIDOLONS.md
  hoisted_from:
    - AGENTS.md
  agents_md_role: hoisted
  schema_version: 1
